# THIS IS AN AUTOGENERATED FILE. DO NOT EDIT THIS FILE DIRECTLY.
# yarn lockfile v1


"activestorage@>= 5.2.0-rc1":
  version "5.2.0-rc1"
  resolved "https://registry.yarnpkg.com/activestorage/-/activestorage-5.2.0-rc1.tgz#79898996eceb0f13575eff41fb109051fbfa49b0"

trix@^0.11.1:
  version "0.11.1"
  resolved "https://registry.yarnpkg.com/trix/-/trix-0.11.1.tgz#ffe54f2757c2c2385b8424fd5c5d2ab712a09acc"
